// !$*UTF8*$!
{
	archiveVersion = 1;
	classes = {
	};
	objectVersion = 77;
	objects = {

/* Begin PBXBuildFile section */
		12285A522ECB58F000DAA319 /* Assets.xcassets in Resources */ = {isa = PBXBuildFile; fileRef = 12285A4A2ECB58F000DAA319 /* Assets.xcassets */; };
		12285A532ECB58F000DAA319 /* LaunchScreen.storyboard in Resources */ = {isa = PBXBuildFile; fileRef = 12285A4C2ECB58F000DAA319 /* LaunchScreen.storyboard */; };
		12285A542ECB58F000DAA319 /* AppDelegate.swift in Sources */ = {isa = PBXBuildFile; fileRef = 12285A462ECB58F000DAA319 /* AppDelegate.swift */; };
		12285A552ECB58F000DAA319 /* SceneDelegate.swift in Sources */ = {isa = PBXBuildFile; fileRef = 12285A482ECB58F000DAA319 /* SceneDelegate.swift */; };
		12285A562ECB58F000DAA319 /* SimpleSocialMedia.xcdatamodeld in Sources */ = {isa = PBXBuildFile; fileRef = 12285A4D2ECB58F000DAA319 /* SimpleSocialMedia.xcdatamodeld */; };
		12285A572ECB58F000DAA319 /* PostListViewController.swift in Sources */ = {isa = PBXBuildFile; fileRef = 12285A4E2ECB58F000DAA319 /* PostListViewController.swift */; };
		12285A5C2ECC6E8E00DAA319 /* PostListViewModel.swift in Sources */ = {isa = PBXBuildFile; fileRef = 12285A5B2ECC6E8E00DAA319 /* PostListViewModel.swift */; };
		12285A5F2ECC76A800DAA319 /* PostCell.swift in Sources */ = {isa = PBXBuildFile; fileRef = 12285A5E2ECC76A800DAA319 /* PostCell.swift */; };
		12285A612ECC76C800DAA319 /* PostCellViewModel.swift in Sources */ = {isa = PBXBuildFile; fileRef = 12285A602ECC76C800DAA319 /* PostCellViewModel.swift */; };
		129BF6342ECDE15500917502 /* Post.swift in Sources */ = {isa = PBXBuildFile; fileRef = 129BF6332ECDE15500917502 /* Post.swift */; };
/* End PBXBuildFile section */

/* Begin PBXFileReference section */
		12285A2A2ECB575000DAA319 /* SimpleSocialMedia.app */ = {isa = PBXFileReference; explicitFileType = wrapper.application; includeInIndex = 0; path = SimpleSocialMedia.app; sourceTree = BUILT_PRODUCTS_DIR; };
		12285A462ECB58F000DAA319 /* AppDelegate.swift */ = {isa = PBXFileReference; lastKnownFileType = sourcecode.swift; path = AppDelegate.swift; sourceTree = "<group>"; };
		12285A472ECB58F000DAA319 /* Info.plist */ = {isa = PBXFileReference; lastKnownFileType = text.plist.xml; path = Info.plist; sourceTree = "<group>"; };
		12285A482ECB58F000DAA319 /* SceneDelegate.swift */ = {isa = PBXFileReference; lastKnownFileType = sourcecode.swift; path = SceneDelegate.swift; sourceTree = "<group>"; };
		12285A4A2ECB58F000DAA319 /* Assets.xcassets */ = {isa = PBXFileReference; lastKnownFileType = folder.assetcatalog; path = Assets.xcassets; sourceTree = "<group>"; };
		12285A4B2ECB58F000DAA319 /* Base */ = {isa = PBXFileReference; lastKnownFileType = file.storyboard; name = Base; path = Base.lproj/LaunchScreen.storyboard; sourceTree = "<group>"; };
		12285A4E2ECB58F000DAA319 /* PostListViewController.swift */ = {isa = PBXFileReference; lastKnownFileType = sourcecode.swift; path = PostListViewController.swift; sourceTree = "<group>"; };
		12285A502ECB58F000DAA319 /* SimpleSocialMedia.xcdatamodel */ = {isa = PBXFileReference; lastKnownFileType = wrapper.xcdatamodel; path = SimpleSocialMedia.xcdatamodel; sourceTree = "<group>"; };
		12285A5B2ECC6E8E00DAA319 /* PostListViewModel.swift */ = {isa = PBXFileReference; lastKnownFileType = sourcecode.swift; path = PostListViewModel.swift; sourceTree = "<group>"; };
		12285A5E2ECC76A800DAA319 /* PostCell.swift */ = {isa = PBXFileReference; lastKnownFileType = sourcecode.swift; path = PostCell.swift; sourceTree = "<group>"; };
		12285A602ECC76C800DAA319 /* PostCellViewModel.swift */ = {isa = PBXFileReference; lastKnownFileType = sourcecode.swift; path = PostCellViewModel.swift; sourceTree = "<group>"; };
		129BF6332ECDE15500917502 /* Post.swift */ = {isa = PBXFileReference; lastKnownFileType = sourcecode.swift; path = Post.swift; sourceTree = "<group>"; };
/* End PBXFileReference section */

/* Begin PBXFrameworksBuildPhase section */
		12285A272ECB575000DAA319 /* Frameworks */ = {
			isa = PBXFrameworksBuildPhase;
			buildActionMask = 2147483647;
			files = (
			);
			runOnlyForDeploymentPostprocessing = 0;
		};
/* End PBXFrameworksBuildPhase section */

/* Begin PBXGroup section */
		12285A212ECB575000DAA319 = {
			isa = PBXGroup;
			children = (
				12285A4F2ECB58F000DAA319 /* SimpleSocialMedia */,
				12285A2B2ECB575000DAA319 /* Products */,
			);
			sourceTree = "<group>";
		};
		12285A2B2ECB575000DAA319 /* Products */ = {
			isa = PBXGroup;
			children = (
				12285A2A2ECB575000DAA319 /* SimpleSocialMedia.app */,
			);
			name = Products;
			sourceTree = "<group>";
		};
		12285A492ECB58F000DAA319 /* App */ = {
			isa = PBXGroup;
			children = (
				12285A462ECB58F000DAA319 /* AppDelegate.swift */,
				12285A482ECB58F000DAA319 /* SceneDelegate.swift */,
				12285A472ECB58F000DAA319 /* Info.plist */,
			);
			path = App;
			sourceTree = "<group>";
		};
		12285A4F2ECB58F000DAA319 /* SimpleSocialMedia */ = {
			isa = PBXGroup;
			children = (
				12285A492ECB58F000DAA319 /* App */,
				12285A5A2ECC6E6200DAA319 /* PostList */,
				129BF6322ECDE10400917502 /* Models */,
				12285A592ECB5C8C00DAA319 /* Storyboard */,
				12285A582ECB5A5E00DAA319 /* Resources */,
				12285A4D2ECB58F000DAA319 /* SimpleSocialMedia.xcdatamodeld */,
			);
			path = SimpleSocialMedia;
			sourceTree = "<group>";
		};
		12285A582ECB5A5E00DAA319 /* Resources */ = {
			isa = PBXGroup;
			children = (
				12285A4A2ECB58F000DAA319 /* Assets.xcassets */,
			);
			path = Resources;
			sourceTree = "<group>";
		};
		12285A592ECB5C8C00DAA319 /* Storyboard */ = {
			isa = PBXGroup;
			children = (
				12285A4C2ECB58F000DAA319 /* LaunchScreen.storyboard */,
			);
			path = Storyboard;
			sourceTree = "<group>";
		};
		12285A5A2ECC6E6200DAA319 /* PostList */ = {
			isa = PBXGroup;
			children = (
				12285A4E2ECB58F000DAA319 /* PostListViewController.swift */,
				12285A5B2ECC6E8E00DAA319 /* PostListViewModel.swift */,
				12285A5D2ECC766A00DAA319 /* PostCell */,
			);
			path = PostList;
			sourceTree = "<group>";
		};
		12285A5D2ECC766A00DAA319 /* PostCell */ = {
			isa = PBXGroup;
			children = (
				12285A5E2ECC76A800DAA319 /* PostCell.swift */,
				12285A602ECC76C800DAA319 /* PostCellViewModel.swift */,
			);
			path = PostCell;
			sourceTree = "<group>";
		};
		129BF6322ECDE10400917502 /* Models */ = {
			isa = PBXGroup;
			children = (
				129BF6332ECDE15500917502 /* Post.swift */,
			);
			path = Models;
			sourceTree = "<group>";
		};
/* End PBXGroup section */

/* Begin PBXNativeTarget section */
		12285A292ECB575000DAA319 /* SimpleSocialMedia */ = {
			isa = PBXNativeTarget;
			buildConfigurationList = 12285A402ECB575400DAA319 /* Build configuration list for PBXNativeTarget "SimpleSocialMedia" */;
			buildPhases = (
				12285A262ECB575000DAA319 /* Sources */,
				12285A272ECB575000DAA319 /* Frameworks */,
				12285A282ECB575000DAA319 /* Resources */,
			);
			buildRules = (
			);
			dependencies = (
			);
			name = SimpleSocialMedia;
			packageProductDependencies = (
			);
			productName = SimpleSocialMedia;
			productReference = 12285A2A2ECB575000DAA319 /* SimpleSocialMedia.app */;
			productType = "com.apple.product-type.application";
		};
/* End PBXNativeTarget section */

/* Begin PBXProject section */
		12285A222ECB575000DAA319 /* Project object */ = {
			isa = PBXProject;
			attributes = {
				BuildIndependentTargetsInParallel = 1;
				LastSwiftUpdateCheck = 2610;
				LastUpgradeCheck = 2610;
				TargetAttributes = {
					12285A292ECB575000DAA319 = {
						CreatedOnToolsVersion = 26.1.1;
					};
				};
			};
			buildConfigurationList = 12285A252ECB575000DAA319 /* Build configuration list for PBXProject "SimpleSocialMedia" */;
			developmentRegion = en;
			hasScannedForEncodings = 0;
			knownRegions = (
				en,
				Base,
			);
			mainGroup = 12285A212ECB575000DAA319;
			minimizedProjectReferenceProxies = 1;
			preferredProjectObjectVersion = 77;
			productRefGroup = 12285A2B2ECB575000DAA319 /* Products */;
			projectDirPath = "";
			projectRoot = "";
			targets = (
				12285A292ECB575000DAA319 /* SimpleSocialMedia */,
			);
		};
/* End PBXProject section */

/* Begin PBXResourcesBuildPhase section */
		12285A282ECB575000DAA319 /* Resources */ = {
			isa = PBXResourcesBuildPhase;
			buildActionMask = 2147483647;
			files = (
				12285A522ECB58F000DAA319 /* Assets.xcassets in Resources */,
				12285A532ECB58F000DAA319 /* LaunchScreen.storyboard in Resources */,
			);
			runOnlyForDeploymentPostprocessing = 0;
		};
/* End PBXResourcesBuildPhase section */

/* Begin PBXSourcesBuildPhase section */
		12285A262ECB575000DAA319 /* Sources */ = {
			isa = PBXSourcesBuildPhase;
			buildActionMask = 2147483647;
			files = (
				12285A542ECB58F000DAA319 /* AppDelegate.swift in Sources */,
				12285A552ECB58F000DAA319 /* SceneDelegate.swift in Sources */,
				12285A5C2ECC6E8E00DAA319 /* PostListViewModel.swift in Sources */,
				129BF6342ECDE15500917502 /* Post.swift in Sources */,
				12285A562ECB58F000DAA319 /* SimpleSocialMedia.xcdatamodeld in Sources */,
				12285A572ECB58F000DAA319 /* PostListViewController.swift in Sources */,
				12285A612ECC76C800DAA319 /* PostCellViewModel.swift in Sources */,
				12285A5F2ECC76A800DAA319 /* PostCell.swift in Sources */,
			);
			runOnlyForDeploymentPostprocessing = 0;
		};
/* End PBXSourcesBuildPhase section */

/* Begin PBXVariantGroup section */
		12285A4C2ECB58F000DAA319 /* LaunchScreen.storyboard */ = {
			isa = PBXVariantGroup;
			children = (
				12285A4B2ECB58F000DAA319 /* Base */,
			);
			name = LaunchScreen.storyboard;
			sourceTree = "<group>";
		};
/* End PBXVariantGroup section */

/* Begin XCBuildConfiguration section */
		12285A412ECB575400DAA319 /* Debug */ = {
			isa = XCBuildConfiguration;
			buildSettings = {
				ASSETCATALOG_COMPILER_APPICON_NAME = AppIcon;
				ASSETCATALOG_COMPILER_GLOBAL_ACCENT_COLOR_NAME = AccentColor;
				CODE_SIGN_STYLE = Automatic;
				CURRENT_PROJECT_VERSION = 1;
				DEVELOPMENT_TEAM = P39WFRLYUG;
				GENERATE_INFOPLIST_FILE = YES;
				INFOPLIST_FILE = SimpleSocialMedia/App/Info.plist;
				INFOPLIST_KEY_UIApplicationSupportsIndirectInputEvents = YES;
				INFOPLIST_KEY_UILaunchStoryboardName = LaunchScreen;
				INFOPLIST_KEY_UIMainStoryboardFile = "";
				INFOPLIST_KEY_UISupportedInterfaceOrientations = UIInterfaceOrientationPortrait;
				INFOPLIST_KEY_UISupportedInterfaceOrientations_iPad = "UIInterfaceOrientationLandscapeLeft UIInterfaceOrientationLandscapeRight UIInterfaceOrientationPortrait UIInterfaceOrientationPortraitUpsideDown";
				LD_RUNPATH_SEARCH_PATHS = (
					"$(inherited)",
					"@executable_path/Frameworks",
				);
				MARKETING_VERSION = 1.0;
				PRODUCT_BUNDLE_IDENTIFIER = mokhinsam.SimpleSocialMedia;
				PRODUCT_NAME = "$(TARGET_NAME)";
				STRING_CATALOG_GENERATE_SYMBOLS = YES;
				SUPPORTED_PLATFORMS = "iphoneos iphonesimulator";
				SUPPORTS_MACCATALYST = NO;
				SUPPORTS_MAC_DESIGNED_FOR_IPHONE_IPAD = NO;
				SUPPORTS_XR_DESIGNED_FOR_IPHONE_IPAD = NO;
				SWIFT_APPROACHABLE_CONCURRENCY = YES;
				SWIFT_DEFAULT_ACTOR_ISOLATION = MainActor;
				SWIFT_EMIT_LOC_STRINGS = YES;
				SWIFT_UPCOMING_FEATURE_MEMBER_IMPORT_VISIBILITY = YES;
				SWIFT_VERSION = 5.0;
				TARGETED_DEVICE_FAMILY = 1;
			};
			name = Debug;
		};
		12285A422ECB575400DAA319 /* Release */ = {
			isa = XCBuildConfiguration;
			buildSettings = {
				ASSETCATALOG_COMPILER_APPICON_NAME = AppIcon;
				ASSETCATALOG_COMPILER_GLOBAL_ACCENT_COLOR_NAME = AccentColor;
				CODE_SIGN_STYLE = Automatic;
				CURRENT_PROJECT_VERSION = 1;
				DEVELOPMENT_TEAM = P39WFRLYUG;
				GENERATE_INFOPLIST_FILE = YES;
				INFOPLIST_FILE = SimpleSocialMedia/App/Info.plist;
				INFOPLIST_KEY_UIApplicationSupportsIndirectInputEvents = YES;
				INFOPLIST_KEY_UILaunchStoryboardName = LaunchScreen;
				INFOPLIST_KEY_UIMainStoryboardFile = "";
				INFOPLIST_KEY_UISupportedInterfaceOrientations = UIInterfaceOrientationPortrait;
				INFOPLIST_KEY_UISupportedInterfaceOrientations_iPad = "UIInterfaceOrientationLandscapeLeft UIInterfaceOrientationLandscapeRight UIInterfaceOrientationPortrait UIInterfaceOrientationPortraitUpsideDown";
				LD_RUNPATH_SEARCH_PATHS = (
					"$(inherited)",
					"@executable_path/Frameworks",
				);
				MARKETING_VERSION = 1.0;
				PRODUCT_BUNDLE_IDENTIFIER = mokhinsam.SimpleSocialMedia;
				PRODUCT_NAME = "$(TARGET_NAME)";
				STRING_CATALOG_GENERATE_SYMBOLS = YES;
				SUPPORTED_PLATFORMS = "iphoneos iphonesimulator";
				SUPPORTS_MACCATALYST = NO;
				SUPPORTS_MAC_DESIGNED_FOR_IPHONE_IPAD = NO;
				SUPPORTS_XR_DESIGNED_FOR_IPHONE_IPAD = NO;
				SWIFT_APPROACHABLE_CONCURRENCY = YES;
				SWIFT_DEFAULT_ACTOR_ISOLATION = MainActor;
				SWIFT_EMIT_LOC_STRINGS = YES;
				SWIFT_UPCOMING_FEATURE_MEMBER_IMPORT_VISIBILITY = YES;
				SWIFT_VERSION = 5.0;
				TARGETED_DEVICE_FAMILY = 1;
			};
			name = Release;
		};
		12285A432ECB575400DAA319 /* Debug */ = {
			isa = XCBuildConfiguration;
			buildSettings = {
				ALWAYS_SEARCH_USER_PATHS = NO;
				ASSETCATALOG_COMPILER_GENERATE_SWIFT_ASSET_SYMBOL_EXTENSIONS = YES;
				CLANG_ANALYZER_NONNULL = YES;
				CLANG_ANALYZER_NUMBER_OBJECT_CONVERSION = YES_AGGRESSIVE;
				CLANG_CXX_LANGUAGE_STANDARD = "gnu++20";
				CLANG_ENABLE_MODULES = YES;
				CLANG_ENABLE_OBJC_ARC = YES;
				CLANG_ENABLE_OBJC_WEAK = YES;
				CLANG_WARN_BLOCK_CAPTURE_AUTORELEASING = YES;
				CLANG_WARN_BOOL_CONVERSION = YES;
				CLANG_WARN_COMMA = YES;
				CLANG_WARN_CONSTANT_CONVERSION = YES;
				CLANG_WARN_DEPRECATED_OBJC_IMPLEMENTATIONS = YES;
				CLANG_WARN_DIRECT_OBJC_ISA_USAGE = YES_ERROR;
				CLANG_WARN_DOCUMENTATION_COMMENTS = YES;
				CLANG_WARN_EMPTY_BODY = YES;
				CLANG_WARN_ENUM_CONVERSION = YES;
				CLANG_WARN_INFINITE_RECURSION = YES;
				CLANG_WARN_INT_CONVERSION = YES;
				CLANG_WARN_NON_LITERAL_NULL_CONVERSION = YES;
				CLANG_WARN_OBJC_IMPLICIT_RETAIN_SELF = YES;
				CLANG_WARN_OBJC_LITERAL_CONVERSION = YES;
				CLANG_WARN_OBJC_ROOT_CLASS = YES_ERROR;
				CLANG_WARN_QUOTED_INCLUDE_IN_FRAMEWORK_HEADER = YES;
				CLANG_WARN_RANGE_LOOP_ANALYSIS = YES;
				CLANG_WARN_STRICT_PROTOTYPES = YES;
				CLANG_WARN_SUSPICIOUS_MOVE = YES;
				CLANG_WARN_UNGUARDED_AVAILABILITY = YES_AGGRESSIVE;
				CLANG_WARN_UNREACHABLE_CODE = YES;
				CLANG_WARN__DUPLICATE_METHOD_MATCH = YES;
				COPY_PHASE_STRIP = NO;
				DEBUG_INFORMATION_FORMAT = dwarf;
				DEVELOPMENT_TEAM = P39WFRLYUG;
				ENABLE_STRICT_OBJC_MSGSEND = YES;
				ENABLE_TESTABILITY = YES;
				ENABLE_USER_SCRIPT_SANDBOXING = YES;
				GCC_C_LANGUAGE_STANDARD = gnu17;
				GCC_DYNAMIC_NO_PIC = NO;
				GCC_NO_COMMON_BLOCKS = YES;
				GCC_OPTIMIZATION_LEVEL = 0;
				GCC_PREPROCESSOR_DEFINITIONS = (
					"DEBUG=1",
					"$(inherited)",
				);
				GCC_WARN_64_TO_32_BIT_CONVERSION = YES;
				GCC_WARN_ABOUT_RETURN_TYPE = YES_ERROR;
				GCC_WARN_UNDECLARED_SELECTOR = YES;
				GCC_WARN_UNINITIALIZED_AUTOS = YES_AGGRESSIVE;
				GCC_WARN_UNUSED_FUNCTION = YES;
				GCC_WARN_UNUSED_VARIABLE = YES;
				IPHONEOS_DEPLOYMENT_TARGET = 26.1;
				LOCALIZATION_PREFERS_STRING_CATALOGS = YES;
				MTL_ENABLE_DEBUG_INFO = INCLUDE_SOURCE;
				MTL_FAST_MATH = YES;
				ONLY_ACTIVE_ARCH = YES;
				SDKROOT = iphoneos;
				SWIFT_ACTIVE_COMPILATION_CONDITIONS = "DEBUG $(inherited)";
				SWIFT_OPTIMIZATION_LEVEL = "-Onone";
			};
			name = Debug;
		};
		12285A442ECB575400DAA319 /* Release */ = {
			isa = XCBuildConfiguration;
			buildSettings = {
				ALWAYS_SEARCH_USER_PATHS = NO;
				ASSETCATALOG_COMPILER_GENERATE_SWIFT_ASSET_SYMBOL_EXTENSIONS = YES;
				CLANG_ANALYZER_NONNULL = YES;
				CLANG_ANALYZER_NUMBER_OBJECT_CONVERSION = YES_AGGRESSIVE;
				CLANG_CXX_LANGUAGE_STANDARD = "gnu++20";
				CLANG_ENABLE_MODULES = YES;
				CLANG_ENABLE_OBJC_ARC = YES;
				CLANG_ENABLE_OBJC_WEAK = YES;
				CLANG_WARN_BLOCK_CAPTURE_AUTORELEASING = YES;
				CLANG_WARN_BOOL_CONVERSION = YES;
				CLANG_WARN_COMMA = YES;
				CLANG_WARN_CONSTANT_CONVERSION = YES;
				CLANG_WARN_DEPRECATED_OBJC_IMPLEMENTATIONS = YES;
				CLANG_WARN_DIRECT_OBJC_ISA_USAGE = YES_ERROR;
				CLANG_WARN_DOCUMENTATION_COMMENTS = YES;
				CLANG_WARN_EMPTY_BODY = YES;
				CLANG_WARN_ENUM_CONVERSION = YES;
				CLANG_WARN_INFINITE_RECURSION = YES;
				CLANG_WARN_INT_CONVERSION = YES;
				CLANG_WARN_NON_LITERAL_NULL_CONVERSION = YES;
				CLANG_WARN_OBJC_IMPLICIT_RETAIN_SELF = YES;
				CLANG_WARN_OBJC_LITERAL_CONVERSION = YES;
				CLANG_WARN_OBJC_ROOT_CLASS = YES_ERROR;
				CLANG_WARN_QUOTED_INCLUDE_IN_FRAMEWORK_HEADER = YES;
				CLANG_WARN_RANGE_LOOP_ANALYSIS = YES;
				CLANG_WARN_STRICT_PROTOTYPES = YES;
				CLANG_WARN_SUSPICIOUS_MOVE = YES;
				CLANG_WARN_UNGUARDED_AVAILABILITY = YES_AGGRESSIVE;
				CLANG_WARN_UNREACHABLE_CODE = YES;
				CLANG_WARN__DUPLICATE_METHOD_MATCH = YES;
				COPY_PHASE_STRIP = NO;
				DEBUG_INFORMATION_FORMAT = "dwarf-with-dsym";
				DEVELOPMENT_TEAM = P39WFRLYUG;
				ENABLE_NS_ASSERTIONS = NO;
				ENABLE_STRICT_OBJC_MSGSEND = YES;
				ENABLE_USER_SCRIPT_SANDBOXING = YES;
				GCC_C_LANGUAGE_STANDARD = gnu17;
				GCC_NO_COMMON_BLOCKS = YES;
				GCC_WARN_64_TO_32_BIT_CONVERSION = YES;
				GCC_WARN_ABOUT_RETURN_TYPE = YES_ERROR;
				GCC_WARN_UNDECLARED_SELECTOR = YES;
				GCC_WARN_UNINITIALIZED_AUTOS = YES_AGGRESSIVE;
				GCC_WARN_UNUSED_FUNCTION = YES;
				GCC_WARN_UNUSED_VARIABLE = YES;
				IPHONEOS_DEPLOYMENT_TARGET = 26.1;
				LOCALIZATION_PREFERS_STRING_CATALOGS = YES;
				MTL_ENABLE_DEBUG_INFO = NO;
				MTL_FAST_MATH = YES;
				SDKROOT = iphoneos;
				SWIFT_COMPILATION_MODE = wholemodule;
				VALIDATE_PRODUCT = YES;
			};
			name = Release;
		};
/* End XCBuildConfiguration section */

/* Begin XCConfigurationList section */
		12285A252ECB575000DAA319 /* Build configuration list for PBXProject "SimpleSocialMedia" */ = {
			isa = XCConfigurationList;
			buildConfigurations = (
				12285A432ECB575400DAA319 /* Debug */,
				12285A442ECB575400DAA319 /* Release */,
			);
			defaultConfigurationIsVisible = 0;
			defaultConfigurationName = Release;
		};
		12285A402ECB575400DAA319 /* Build configuration list for PBXNativeTarget "SimpleSocialMedia" */ = {
			isa = XCConfigurationList;
			buildConfigurations = (
				12285A412ECB575400DAA319 /* Debug */,
				12285A422ECB575400DAA319 /* Release */,
			);
			defaultConfigurationIsVisible = 0;
			defaultConfigurationName = Release;
		};
/* End XCConfigurationList section */

/* Begin XCVersionGroup section */
		12285A4D2ECB58F000DAA319 /* SimpleSocialMedia.xcdatamodeld */ = {
			isa = XCVersionGroup;
			children = (
				12285A502ECB58F000DAA319 /* SimpleSocialMedia.xcdatamodel */,
			);
			currentVersion = 12285A502ECB58F000DAA319 /* SimpleSocialMedia.xcdatamodel */;
			path = SimpleSocialMedia.xcdatamodeld;
			sourceTree = "<group>";
			versionGroupType = wrapper.xcdatamodel;
		};
/* End XCVersionGroup section */
	};
	rootObject = 12285A222ECB575000DAA319 /* Project object */;
}
